
Microsoft Visual Studio Solution File, Format Version 12.00
# Visual Studio 15
VisualStudioVersion = 15.0.28307.136
MinimumVisualStudioVersion = 10.0.40219.1
Project("{9A19103F-16F7-4668-BE54-9A1E7A4F7556}") = "WeatherReporter.Function", "..\WeatherReporter\WeatherReporter.Function\WeatherReporter.Function.csproj", "{4797F566-D8DE-4C70-B6E5-1C6E1F9F4266}"
EndProject
Global
	GlobalSection(SolutionConfigurationPlatforms) = preSolution
		Debug|Any CPU = Debug|Any CPU
		Release|Any CPU = Release|Any CPU
	EndGlobalSection
	GlobalSection(ProjectConfigurationPlatforms) = postSolution
		{4797F566-D8DE-4C70-B6E5-1C6E1F9F4266}.Debug|Any CPU.ActiveCfg = Debug|Any CPU
		{4797F566-D8DE-4C70-B6E5-1C6E1F9F4266}.Debug|Any CPU.Build.0 = Debug|Any CPU
		{4797F566-D8DE-4C70-B6E5-1C6E1F9F4266}.Release|Any CPU.ActiveCfg = Release|Any CPU
		{4797F566-D8DE-4C70-B6E5-1C6E1F9F4266}.Release|Any CPU.Build.0 = Release|Any CPU
	EndGlobalSection
	GlobalSection(SolutionProperties) = preSolution
		HideSolutionNode = FALSE
	EndGlobalSection
	GlobalSection(ExtensibilityGlobals) = postSolution
		SolutionGuid = {E9B9BA0D-4AC8-475E-8B09-37555E238189}
	EndGlobalSection
EndGlobal
